// !$*UTF8*$!
{
	archiveVersion = 1;
	classes = {
	};
	objectVersion = 56;
	objects = {

/* Begin PBXBuildFile section */
		C5032C752AD2139300144C1D /* SwiftUI_ECG_Status_AnimationApp.swift in Sources */ = {isa = PBXBuildFile; fileRef = C5032C742AD2139300144C1D /* SwiftUI_ECG_Status_AnimationApp.swift */; };
		C5032C772AD2139300144C1D /* ContentView.swift in Sources */ = {isa = PBXBuildFile; fileRef = C5032C762AD2139300144C1D /* ContentView.swift */; };
		C5032C792AD2139400144C1D /* Assets.xcassets in Resources */ = {isa = PBXBuildFile; fileRef = C5032C782AD2139400144C1D /* Assets.xcassets */; };
		C5032C7D2AD2139400144C1D /* Preview Assets.xcassets in Resources */ = {isa = PBXBuildFile; fileRef = C5032C7C2AD2139400144C1D /* Preview Assets.xcassets */; };
		C5EEDFA92AD2AD9B0013D776 /* WaveformProvider.swift in Sources */ = {isa = PBXBuildFile; fileRef = C5EEDFA82AD2AD9B0013D776 /* WaveformProvider.swift */; };
		C5EEDFAC2AD2C7C80013D776 /* ECGWaveformConfiguration.swift in Sources */ = {isa = PBXBuildFile; fileRef = C5EEDFAB2AD2C7C80013D776 /* ECGWaveformConfiguration.swift */; };
		C5EEDFAE2AD2C7E80013D776 /* ECGStatusBar.swift in Sources */ = {isa = PBXBuildFile; fileRef = C5EEDFAD2AD2C7E80013D776 /* ECGStatusBar.swift */; };
		C5EEDFB02AD2EEF70013D776 /* README.md in Resources */ = {isa = PBXBuildFile; fileRef = C5EEDFAF2AD2EEF70013D776 /* README.md */; };
/* End PBXBuildFile section */

/* Begin PBXFileReference section */
		C5032C712AD2139300144C1D /* SwiftUI ECG Status Animation.app */ = {isa = PBXFileReference; explicitFileType = wrapper.application; includeInIndex = 0; path = "SwiftUI ECG Status Animation.app"; sourceTree = BUILT_PRODUCTS_DIR; };
		C5032C742AD2139300144C1D /* SwiftUI_ECG_Status_AnimationApp.swift */ = {isa = PBXFileReference; lastKnownFileType = sourcecode.swift; path = SwiftUI_ECG_Status_AnimationApp.swift; sourceTree = "<group>"; };
		C5032C762AD2139300144C1D /* ContentView.swift */ = {isa = PBXFileReference; lastKnownFileType = sourcecode.swift; path = ContentView.swift; sourceTree = "<group>"; };
		C5032C782AD2139400144C1D /* Assets.xcassets */ = {isa = PBXFileReference; lastKnownFileType = folder.assetcatalog; path = Assets.xcassets; sourceTree = "<group>"; };
		C5032C7A2AD2139400144C1D /* SwiftUI_ECG_Status_Animation.entitlements */ = {isa = PBXFileReference; lastKnownFileType = text.plist.entitlements; path = SwiftUI_ECG_Status_Animation.entitlements; sourceTree = "<group>"; };
		C5032C7C2AD2139400144C1D /* Preview Assets.xcassets */ = {isa = PBXFileReference; lastKnownFileType = folder.assetcatalog; path = "Preview Assets.xcassets"; sourceTree = "<group>"; };
		C5EEDFA82AD2AD9B0013D776 /* WaveformProvider.swift */ = {isa = PBXFileReference; lastKnownFileType = sourcecode.swift; path = WaveformProvider.swift; sourceTree = "<group>"; };
		C5EEDFAB2AD2C7C80013D776 /* ECGWaveformConfiguration.swift */ = {isa = PBXFileReference; lastKnownFileType = sourcecode.swift; path = ECGWaveformConfiguration.swift; sourceTree = "<group>"; };
		C5EEDFAD2AD2C7E80013D776 /* ECGStatusBar.swift */ = {isa = PBXFileReference; lastKnownFileType = sourcecode.swift; path = ECGStatusBar.swift; sourceTree = "<group>"; };
		C5EEDFAF2AD2EEF70013D776 /* README.md */ = {isa = PBXFileReference; fileEncoding = 4; lastKnownFileType = net.daringfireball.markdown; path = README.md; sourceTree = "<group>"; };
/* End PBXFileReference section */

/* Begin PBXFrameworksBuildPhase section */
		C5032C6E2AD2139300144C1D /* Frameworks */ = {
			isa = PBXFrameworksBuildPhase;
			buildActionMask = 2147483647;
			files = (
			);
			runOnlyForDeploymentPostprocessing = 0;
		};
/* End PBXFrameworksBuildPhase section */

/* Begin PBXGroup section */
		C5032C682AD2139200144C1D = {
			isa = PBXGroup;
			children = (
				C5EEDFAF2AD2EEF70013D776 /* README.md */,
				C5032C732AD2139300144C1D /* SwiftUI ECG Status Animation */,
				C5032C722AD2139300144C1D /* Products */,
			);
			sourceTree = "<group>";
		};
		C5032C722AD2139300144C1D /* Products */ = {
			isa = PBXGroup;
			children = (
				C5032C712AD2139300144C1D /* SwiftUI ECG Status Animation.app */,
			);
			name = Products;
			sourceTree = "<group>";
		};
		C5032C732AD2139300144C1D /* SwiftUI ECG Status Animation */ = {
			isa = PBXGroup;
			children = (
				C5032C742AD2139300144C1D /* SwiftUI_ECG_Status_AnimationApp.swift */,
				C5032C762AD2139300144C1D /* ContentView.swift */,
				C5EEDFAD2AD2C7E80013D776 /* ECGStatusBar.swift */,
				C5EEDFAA2AD2ADCF0013D776 /* WaveformProvider */,
				C5032C782AD2139400144C1D /* Assets.xcassets */,
				C5032C7A2AD2139400144C1D /* SwiftUI_ECG_Status_Animation.entitlements */,
				C5032C7B2AD2139400144C1D /* Preview Content */,
			);
			path = "SwiftUI ECG Status Animation";
			sourceTree = "<group>";
		};
		C5032C7B2AD2139400144C1D /* Preview Content */ = {
			isa = PBXGroup;
			children = (
				C5032C7C2AD2139400144C1D /* Preview Assets.xcassets */,
			);
			path = "Preview Content";
			sourceTree = "<group>";
		};
		C5EEDFAA2AD2ADCF0013D776 /* WaveformProvider */ = {
			isa = PBXGroup;
			children = (
				C5EEDFA82AD2AD9B0013D776 /* WaveformProvider.swift */,
				C5EEDFAB2AD2C7C80013D776 /* ECGWaveformConfiguration.swift */,
			);
			path = WaveformProvider;
			sourceTree = "<group>";
		};
/* End PBXGroup section */

/* Begin PBXNativeTarget section */
		C5032C702AD2139300144C1D /* SwiftUI ECG Status Animation */ = {
			isa = PBXNativeTarget;
			buildConfigurationList = C5032C802AD2139400144C1D /* Build configuration list for PBXNativeTarget "SwiftUI ECG Status Animation" */;
			buildPhases = (
				C5032C6D2AD2139300144C1D /* Sources */,
				C5032C6E2AD2139300144C1D /* Frameworks */,
				C5032C6F2AD2139300144C1D /* Resources */,
			);
			buildRules = (
			);
			dependencies = (
			);
			name = "SwiftUI ECG Status Animation";
			productName = "SwiftUI ECG Status Animation";
			productReference = C5032C712AD2139300144C1D /* SwiftUI ECG Status Animation.app */;
			productType = "com.apple.product-type.application";
		};
/* End PBXNativeTarget section */

/* Begin PBXProject section */
		C5032C692AD2139200144C1D /* Project object */ = {
			isa = PBXProject;
			attributes = {
				BuildIndependentTargetsInParallel = 1;
				LastSwiftUpdateCheck = 1500;
				LastUpgradeCheck = 1500;
				TargetAttributes = {
					C5032C702AD2139300144C1D = {
						CreatedOnToolsVersion = 15.0;
					};
				};
			};
			buildConfigurationList = C5032C6C2AD2139200144C1D /* Build configuration list for PBXProject "SwiftUI ECG Status Animation" */;
			compatibilityVersion = "Xcode 14.0";
			developmentRegion = en;
			hasScannedForEncodings = 0;
			knownRegions = (
				en,
				Base,
			);
			mainGroup = C5032C682AD2139200144C1D;
			productRefGroup = C5032C722AD2139300144C1D /* Products */;
			projectDirPath = "";
			projectRoot = "";
			targets = (
				C5032C702AD2139300144C1D /* SwiftUI ECG Status Animation */,
			);
		};
/* End PBXProject section */

/* Begin PBXResourcesBuildPhase section */
		C5032C6F2AD2139300144C1D /* Resources */ = {
			isa = PBXResourcesBuildPhase;
			buildActionMask = 2147483647;
			files = (
				C5EEDFB02AD2EEF70013D776 /* README.md in Resources */,
				C5032C7D2AD2139400144C1D /* Preview Assets.xcassets in Resources */,
				C5032C792AD2139400144C1D /* Assets.xcassets in Resources */,
			);
			runOnlyForDeploymentPostprocessing = 0;
		};
/* End PBXResourcesBuildPhase section */

/* Begin PBXSourcesBuildPhase section */
		C5032C6D2AD2139300144C1D /* Sources */ = {
			isa = PBXSourcesBuildPhase;
			buildActionMask = 2147483647;
			files = (
				C5032C772AD2139300144C1D /* ContentView.swift in Sources */,
				C5032C752AD2139300144C1D /* SwiftUI_ECG_Status_AnimationApp.swift in Sources */,
				C5EEDFA92AD2AD9B0013D776 /* WaveformProvider.swift in Sources */,
				C5EEDFAC2AD2C7C80013D776 /* ECGWaveformConfiguration.swift in Sources */,
				C5EEDFAE2AD2C7E80013D776 /* ECGStatusBar.swift in Sources */,
			);
			runOnlyForDeploymentPostprocessing = 0;
		};
/* End PBXSourcesBuildPhase section */

/* Begin XCBuildConfiguration section */
		C5032C7E2AD2139400144C1D /* Debug */ = {
			isa = XCBuildConfiguration;
			buildSettings = {
				ALWAYS_SEARCH_USER_PATHS = NO;
				ASSETCATALOG_COMPILER_GENERATE_SWIFT_ASSET_SYMBOL_EXTENSIONS = YES;
				CLANG_ANALYZER_NONNULL = YES;
				CLANG_ANALYZER_NUMBER_OBJECT_CONVERSION = YES_AGGRESSIVE;
				CLANG_CXX_LANGUAGE_STANDARD = "gnu++20";
				CLANG_ENABLE_MODULES = YES;
				CLANG_ENABLE_OBJC_ARC = YES;
				CLANG_ENABLE_OBJC_WEAK = YES;
				CLANG_WARN_BLOCK_CAPTURE_AUTORELEASING = YES;
				CLANG_WARN_BOOL_CONVERSION = YES;
				CLANG_WARN_COMMA = YES;
				CLANG_WARN_CONSTANT_CONVERSION = YES;
				CLANG_WARN_DEPRECATED_OBJC_IMPLEMENTATIONS = YES;
				CLANG_WARN_DIRECT_OBJC_ISA_USAGE = YES_ERROR;
				CLANG_WARN_DOCUMENTATION_COMMENTS = YES;
				CLANG_WARN_EMPTY_BODY = YES;
				CLANG_WARN_ENUM_CONVERSION = YES;
				CLANG_WARN_INFINITE_RECURSION = YES;
				CLANG_WARN_INT_CONVERSION = YES;
				CLANG_WARN_NON_LITERAL_NULL_CONVERSION = YES;
				CLANG_WARN_OBJC_IMPLICIT_RETAIN_SELF = YES;
				CLANG_WARN_OBJC_LITERAL_CONVERSION = YES;
				CLANG_WARN_OBJC_ROOT_CLASS = YES_ERROR;
				CLANG_WARN_QUOTED_INCLUDE_IN_FRAMEWORK_HEADER = YES;
				CLANG_WARN_RANGE_LOOP_ANALYSIS = YES;
				CLANG_WARN_STRICT_PROTOTYPES = YES;
				CLANG_WARN_SUSPICIOUS_MOVE = YES;
				CLANG_WARN_UNGUARDED_AVAILABILITY = YES_AGGRESSIVE;
				CLANG_WARN_UNREACHABLE_CODE = YES;
				CLANG_WARN__DUPLICATE_METHOD_MATCH = YES;
				COPY_PHASE_STRIP = NO;
				DEBUG_INFORMATION_FORMAT = dwarf;
				ENABLE_STRICT_OBJC_MSGSEND = YES;
				ENABLE_TESTABILITY = YES;
				ENABLE_USER_SCRIPT_SANDBOXING = YES;
				GCC_C_LANGUAGE_STANDARD = gnu17;
				GCC_DYNAMIC_NO_PIC = NO;
				GCC_NO_COMMON_BLOCKS = YES;
				GCC_OPTIMIZATION_LEVEL = 0;
				GCC_PREPROCESSOR_DEFINITIONS = (
					"DEBUG=1",
					"$(inherited)",
				);
				GCC_WARN_64_TO_32_BIT_CONVERSION = YES;
				GCC_WARN_ABOUT_RETURN_TYPE = YES_ERROR;
				GCC_WARN_UNDECLARED_SELECTOR = YES;
				GCC_WARN_UNINITIALIZED_AUTOS = YES_AGGRESSIVE;
				GCC_WARN_UNUSED_FUNCTION = YES;
				GCC_WARN_UNUSED_VARIABLE = YES;
				LOCALIZATION_PREFERS_STRING_CATALOGS = YES;
				MTL_ENABLE_DEBUG_INFO = INCLUDE_SOURCE;
				MTL_FAST_MATH = YES;
				ONLY_ACTIVE_ARCH = YES;
				SWIFT_ACTIVE_COMPILATION_CONDITIONS = "DEBUG $(inherited)";
				SWIFT_OPTIMIZATION_LEVEL = "-Onone";
			};
			name = Debug;
		};
		C5032C7F2AD2139400144C1D /* Release */ = {
			isa = XCBuildConfiguration;
			buildSettings = {
				ALWAYS_SEARCH_USER_PATHS = NO;
				ASSETCATALOG_COMPILER_GENERATE_SWIFT_ASSET_SYMBOL_EXTENSIONS = YES;
				CLANG_ANALYZER_NONNULL = YES;
				CLANG_ANALYZER_NUMBER_OBJECT_CONVERSION = YES_AGGRESSIVE;
				CLANG_CXX_LANGUAGE_STANDARD = "gnu++20";
				CLANG_ENABLE_MODULES = YES;
				CLANG_ENABLE_OBJC_ARC = YES;
				CLANG_ENABLE_OBJC_WEAK = YES;
				CLANG_WARN_BLOCK_CAPTURE_AUTORELEASING = YES;
				CLANG_WARN_BOOL_CONVERSION = YES;
				CLANG_WARN_COMMA = YES;
				CLANG_WARN_CONSTANT_CONVERSION = YES;
				CLANG_WARN_DEPRECATED_OBJC_IMPLEMENTATIONS = YES;
				CLANG_WARN_DIRECT_OBJC_ISA_USAGE = YES_ERROR;
				CLANG_WARN_DOCUMENTATION_COMMENTS = YES;
				CLANG_WARN_EMPTY_BODY = YES;
				CLANG_WARN_ENUM_CONVERSION = YES;
				CLANG_WARN_INFINITE_RECURSION = YES;
				CLANG_WARN_INT_CONVERSION = YES;
				CLANG_WARN_NON_LITERAL_NULL_CONVERSION = YES;
				CLANG_WARN_OBJC_IMPLICIT_RETAIN_SELF = YES;
				CLANG_WARN_OBJC_LITERAL_CONVERSION = YES;
				CLANG_WARN_OBJC_ROOT_CLASS = YES_ERROR;
				CLANG_WARN_QUOTED_INCLUDE_IN_FRAMEWORK_HEADER = YES;
				CLANG_WARN_RANGE_LOOP_ANALYSIS = YES;
				CLANG_WARN_STRICT_PROTOTYPES = YES;
				CLANG_WARN_SUSPICIOUS_MOVE = YES;
				CLANG_WARN_UNGUARDED_AVAILABILITY = YES_AGGRESSIVE;
				CLANG_WARN_UNREACHABLE_CODE = YES;
				CLANG_WARN__DUPLICATE_METHOD_MATCH = YES;
				COPY_PHASE_STRIP = NO;
				DEBUG_INFORMATION_FORMAT = "dwarf-with-dsym";
				ENABLE_NS_ASSERTIONS = NO;
				ENABLE_STRICT_OBJC_MSGSEND = YES;
				ENABLE_USER_SCRIPT_SANDBOXING = YES;
				GCC_C_LANGUAGE_STANDARD = gnu17;
				GCC_NO_COMMON_BLOCKS = YES;
				GCC_WARN_64_TO_32_BIT_CONVERSION = YES;
				GCC_WARN_ABOUT_RETURN_TYPE = YES_ERROR;
				GCC_WARN_UNDECLARED_SELECTOR = YES;
				GCC_WARN_UNINITIALIZED_AUTOS = YES_AGGRESSIVE;
				GCC_WARN_UNUSED_FUNCTION = YES;
				GCC_WARN_UNUSED_VARIABLE = YES;
				LOCALIZATION_PREFERS_STRING_CATALOGS = YES;
				MTL_ENABLE_DEBUG_INFO = NO;
				MTL_FAST_MATH = YES;
				SWIFT_COMPILATION_MODE = wholemodule;
			};
			name = Release;
		};
		C5032C812AD2139400144C1D /* Debug */ = {
			isa = XCBuildConfiguration;
			buildSettings = {
				ASSETCATALOG_COMPILER_APPICON_NAME = AppIcon;
				ASSETCATALOG_COMPILER_GLOBAL_ACCENT_COLOR_NAME = AccentColor;
				CODE_SIGN_ENTITLEMENTS = "SwiftUI ECG Status Animation/SwiftUI_ECG_Status_Animation.entitlements";
				CODE_SIGN_STYLE = Automatic;
				CURRENT_PROJECT_VERSION = 1;
				DEVELOPMENT_ASSET_PATHS = "\"SwiftUI ECG Status Animation/Preview Content\"";
				DEVELOPMENT_TEAM = 4ND4CZC2FK;
				ENABLE_HARDENED_RUNTIME = YES;
				ENABLE_PREVIEWS = YES;
				GENERATE_INFOPLIST_FILE = YES;
				"INFOPLIST_KEY_UIApplicationSceneManifest_Generation[sdk=iphoneos*]" = YES;
				"INFOPLIST_KEY_UIApplicationSceneManifest_Generation[sdk=iphonesimulator*]" = YES;
				"INFOPLIST_KEY_UIApplicationSupportsIndirectInputEvents[sdk=iphoneos*]" = YES;
				"INFOPLIST_KEY_UIApplicationSupportsIndirectInputEvents[sdk=iphonesimulator*]" = YES;
				"INFOPLIST_KEY_UILaunchScreen_Generation[sdk=iphoneos*]" = YES;
				"INFOPLIST_KEY_UILaunchScreen_Generation[sdk=iphonesimulator*]" = YES;
				"INFOPLIST_KEY_UIStatusBarStyle[sdk=iphoneos*]" = UIStatusBarStyleDefault;
				"INFOPLIST_KEY_UIStatusBarStyle[sdk=iphonesimulator*]" = UIStatusBarStyleDefault;
				INFOPLIST_KEY_UISupportedInterfaceOrientations_iPad = "UIInterfaceOrientationPortrait UIInterfaceOrientationPortraitUpsideDown UIInterfaceOrientationLandscapeLeft UIInterfaceOrientationLandscapeRight";
				INFOPLIST_KEY_UISupportedInterfaceOrientations_iPhone = "UIInterfaceOrientationPortrait UIInterfaceOrientationLandscapeLeft UIInterfaceOrientationLandscapeRight";
				IPHONEOS_DEPLOYMENT_TARGET = 17.0;
				LD_RUNPATH_SEARCH_PATHS = "@executable_path/Frameworks";
				"LD_RUNPATH_SEARCH_PATHS[sdk=macosx*]" = "@executable_path/../Frameworks";
				MACOSX_DEPLOYMENT_TARGET = 13.4;
				MARKETING_VERSION = 1.0;
				PRODUCT_BUNDLE_IDENTIFIER = "com.raulmonton.SwiftUI-ECG-Status-Animation";
				PRODUCT_NAME = "$(TARGET_NAME)";
				SDKROOT = auto;
				SUPPORTED_PLATFORMS = "iphoneos iphonesimulator macosx";
				SWIFT_EMIT_LOC_STRINGS = YES;
				SWIFT_VERSION = 5.0;
				TARGETED_DEVICE_FAMILY = "1,2";
			};
			name = Debug;
		};
		C5032C822AD2139400144C1D /* Release */ = {
			isa = XCBuildConfiguration;
			buildSettings = {
				ASSETCATALOG_COMPILER_APPICON_NAME = AppIcon;
				ASSETCATALOG_COMPILER_GLOBAL_ACCENT_COLOR_NAME = AccentColor;
				CODE_SIGN_ENTITLEMENTS = "SwiftUI ECG Status Animation/SwiftUI_ECG_Status_Animation.entitlements";
				CODE_SIGN_STYLE = Automatic;
				CURRENT_PROJECT_VERSION = 1;
				DEVELOPMENT_ASSET_PATHS = "\"SwiftUI ECG Status Animation/Preview Content\"";
				DEVELOPMENT_TEAM = 4ND4CZC2FK;
				ENABLE_HARDENED_RUNTIME = YES;
				ENABLE_PREVIEWS = YES;
				GENERATE_INFOPLIST_FILE = YES;
				"INFOPLIST_KEY_UIApplicationSceneManifest_Generation[sdk=iphoneos*]" = YES;
				"INFOPLIST_KEY_UIApplicationSceneManifest_Generation[sdk=iphonesimulator*]" = YES;
				"INFOPLIST_KEY_UIApplicationSupportsIndirectInputEvents[sdk=iphoneos*]" = YES;
				"INFOPLIST_KEY_UIApplicationSupportsIndirectInputEvents[sdk=iphonesimulator*]" = YES;
				"INFOPLIST_KEY_UILaunchScreen_Generation[sdk=iphoneos*]" = YES;
				"INFOPLIST_KEY_UILaunchScreen_Generation[sdk=iphonesimulator*]" = YES;
				"INFOPLIST_KEY_UIStatusBarStyle[sdk=iphoneos*]" = UIStatusBarStyleDefault;
				"INFOPLIST_KEY_UIStatusBarStyle[sdk=iphonesimulator*]" = UIStatusBarStyleDefault;
				INFOPLIST_KEY_UISupportedInterfaceOrientations_iPad = "UIInterfaceOrientationPortrait UIInterfaceOrientationPortraitUpsideDown UIInterfaceOrientationLandscapeLeft UIInterfaceOrientationLandscapeRight";
				INFOPLIST_KEY_UISupportedInterfaceOrientations_iPhone = "UIInterfaceOrientationPortrait UIInterfaceOrientationLandscapeLeft UIInterfaceOrientationLandscapeRight";
				IPHONEOS_DEPLOYMENT_TARGET = 17.0;
				LD_RUNPATH_SEARCH_PATHS = "@executable_path/Frameworks";
				"LD_RUNPATH_SEARCH_PATHS[sdk=macosx*]" = "@executable_path/../Frameworks";
				MACOSX_DEPLOYMENT_TARGET = 13.4;
				MARKETING_VERSION = 1.0;
				PRODUCT_BUNDLE_IDENTIFIER = "com.raulmonton.SwiftUI-ECG-Status-Animation";
				PRODUCT_NAME = "$(TARGET_NAME)";
				SDKROOT = auto;
				SUPPORTED_PLATFORMS = "iphoneos iphonesimulator macosx";
				SWIFT_EMIT_LOC_STRINGS = YES;
				SWIFT_VERSION = 5.0;
				TARGETED_DEVICE_FAMILY = "1,2";
			};
			name = Release;
		};
/* End XCBuildConfiguration section */

/* Begin XCConfigurationList section */
		C5032C6C2AD2139200144C1D /* Build configuration list for PBXProject "SwiftUI ECG Status Animation" */ = {
			isa = XCConfigurationList;
			buildConfigurations = (
				C5032C7E2AD2139400144C1D /* Debug */,
				C5032C7F2AD2139400144C1D /* Release */,
			);
			defaultConfigurationIsVisible = 0;
			defaultConfigurationName = Release;
		};
		C5032C802AD2139400144C1D /* Build configuration list for PBXNativeTarget "SwiftUI ECG Status Animation" */ = {
			isa = XCConfigurationList;
			buildConfigurations = (
				C5032C812AD2139400144C1D /* Debug */,
				C5032C822AD2139400144C1D /* Release */,
			);
			defaultConfigurationIsVisible = 0;
			defaultConfigurationName = Release;
		};
/* End XCConfigurationList section */
	};
	rootObject = C5032C692AD2139200144C1D /* Project object */;
}
